
Microsoft Visual Studio Solution File, Format Version 12.00
# Visual Studio Version 16
VisualStudioVersion = 16.0.30804.86
MinimumVisualStudioVersion = 10.0.40219.1
Project("{9A19103F-16F7-4668-BE54-9A1E7A4F7556}") = "webClient", "webClient.csproj", "{96802457-BF8A-4D62-AD42-967B055C0121}"
EndProject
Project("{9A19103F-16F7-4668-BE54-9A1E7A4F7556}") = "Dao", "..\Dao\Dao.csproj", "{468BD5D6-D853-4A8F-A007-2FF83A226113}"
EndProject
Project("{9A19103F-16F7-4668-BE54-9A1E7A4F7556}") = "Bus", "..\Bus\Bus.csproj", "{48B8127A-FFD7-4CEC-8784-C506E165B6B1}"
EndProject
Project("{FAE04EC0-301F-11D3-BF4B-00C04F79EFBC}") = "webAdmin", "..\webAdmin\webAdmin.csproj", "{D48CD9AC-0D33-4D49-B560-147884282699}"
EndProject
Global
	GlobalSection(SolutionConfigurationPlatforms) = preSolution
		Debug|Any CPU = Debug|Any CPU
		Release|Any CPU = Release|Any CPU
	EndGlobalSection
	GlobalSection(ProjectConfigurationPlatforms) = postSolution
		{96802457-BF8A-4D62-AD42-967B055C0121}.Debug|Any CPU.ActiveCfg = Debug|Any CPU
		{96802457-BF8A-4D62-AD42-967B055C0121}.Debug|Any CPU.Build.0 = Debug|Any CPU
		{96802457-BF8A-4D62-AD42-967B055C0121}.Release|Any CPU.ActiveCfg = Release|Any CPU
		{96802457-BF8A-4D62-AD42-967B055C0121}.Release|Any CPU.Build.0 = Release|Any CPU
		{468BD5D6-D853-4A8F-A007-2FF83A226113}.Debug|Any CPU.ActiveCfg = Debug|Any CPU
		{468BD5D6-D853-4A8F-A007-2FF83A226113}.Debug|Any CPU.Build.0 = Debug|Any CPU
		{468BD5D6-D853-4A8F-A007-2FF83A226113}.Release|Any CPU.ActiveCfg = Release|Any CPU
		{468BD5D6-D853-4A8F-A007-2FF83A226113}.Release|Any CPU.Build.0 = Release|Any CPU
		{48B8127A-FFD7-4CEC-8784-C506E165B6B1}.Debug|Any CPU.ActiveCfg = Debug|Any CPU
		{48B8127A-FFD7-4CEC-8784-C506E165B6B1}.Debug|Any CPU.Build.0 = Debug|Any CPU
		{48B8127A-FFD7-4CEC-8784-C506E165B6B1}.Release|Any CPU.ActiveCfg = Release|Any CPU
		{48B8127A-FFD7-4CEC-8784-C506E165B6B1}.Release|Any CPU.Build.0 = Release|Any CPU
		{D48CD9AC-0D33-4D49-B560-147884282699}.Debug|Any CPU.ActiveCfg = Debug|Any CPU
		{D48CD9AC-0D33-4D49-B560-147884282699}.Debug|Any CPU.Build.0 = Debug|Any CPU
		{D48CD9AC-0D33-4D49-B560-147884282699}.Release|Any CPU.ActiveCfg = Release|Any CPU
		{D48CD9AC-0D33-4D49-B560-147884282699}.Release|Any CPU.Build.0 = Release|Any CPU
	EndGlobalSection
	GlobalSection(SolutionProperties) = preSolution
		HideSolutionNode = FALSE
	EndGlobalSection
	GlobalSection(ExtensibilityGlobals) = postSolution
		SolutionGuid = {B9DA43AF-A944-4DAE-8436-4CAA1D769358}
	EndGlobalSection
EndGlobal
